
Microsoft Visual Studio Solution File, Format Version 12.00
# Visual Studio Version 17
VisualStudioVersion = 17.7.34031.279
MinimumVisualStudioVersion = 10.0.40219.1
Project("{FAE04EC0-301F-11D3-BF4B-00C04F79EFBC}") = "Week13SQLiteDB", "Week13SQLiteDB\Week13SQLiteDB.csproj", "{53BCD1B2-6057-4E42-BCE6-19A6795FC607}"
EndProject
Project("{FAE04EC0-301F-11D3-BF4B-00C04F79EFBC}") = "Week13SKKohvik", "Week13SKKohvik\Week13SKKohvik.csproj", "{87B9BF65-0292-4F19-B36B-E14EB927C526}"
EndProject
Global
	GlobalSection(SolutionConfigurationPlatforms) = preSolution
		Debug|Any CPU = Debug|Any CPU
		Release|Any CPU = Release|Any CPU
	EndGlobalSection
	GlobalSection(ProjectConfigurationPlatforms) = postSolution
		{53BCD1B2-6057-4E42-BCE6-19A6795FC607}.Debug|Any CPU.ActiveCfg = Debug|Any CPU
		{53BCD1B2-6057-4E42-BCE6-19A6795FC607}.Debug|Any CPU.Build.0 = Debug|Any CPU
		{53BCD1B2-6057-4E42-BCE6-19A6795FC607}.Release|Any CPU.ActiveCfg = Release|Any CPU
		{53BCD1B2-6057-4E42-BCE6-19A6795FC607}.Release|Any CPU.Build.0 = Release|Any CPU
		{87B9BF65-0292-4F19-B36B-E14EB927C526}.Debug|Any CPU.ActiveCfg = Debug|Any CPU
		{87B9BF65-0292-4F19-B36B-E14EB927C526}.Debug|Any CPU.Build.0 = Debug|Any CPU
		{87B9BF65-0292-4F19-B36B-E14EB927C526}.Release|Any CPU.ActiveCfg = Release|Any CPU
		{87B9BF65-0292-4F19-B36B-E14EB927C526}.Release|Any CPU.Build.0 = Release|Any CPU
	EndGlobalSection
	GlobalSection(SolutionProperties) = preSolution
		HideSolutionNode = FALSE
	EndGlobalSection
	GlobalSection(ExtensibilityGlobals) = postSolution
		SolutionGuid = {3722EC0E-C1EA-41B0-AED5-B2C1BDF112C2}
	EndGlobalSection
EndGlobal
